{
  "name": "baselinejs",
  "version": "9.1.3",
  "lockfileVersion": 1,
  "requires": true,
  "dependencies": {
    "async": {
      "version": "2.6.1",
      "resolved": "https://registry.npmjs.org/async/-/async-2.6.1.tgz",
      "integrity": "sha512-fNEiL2+AZt6AlAw/29Cr0UDe4sRAHCpEHh54WMz+Bb7QfNcFw4h3loofyJpLeQs4Yx7yuqu/2dLgM5hKOs6HlQ==",
      "requires": {
        "lodash": "^4.17.10"
      }
    },
    "backbone-events-standalone": {
      "version": "0.2.7",
      "resolved": "https://registry.npmjs.org/backbone-events-standalone/-/backbone-events-standalone-0.2.7.tgz",
      "integrity": "sha1-MkN9nRHFzvBBA0pZxJRzuG8M4ZY="
    },
    "class-con-leche": {
      "version": "0.0.0",
      "resolved": "https://registry.npmjs.org/class-con-leche/-/class-con-leche-0.0.0.tgz",
      "integrity": "sha1-FG74I7SzPyeqag3w7lj6xkqlRzg="
    },
    "es6-promise": {
      "version": "4.2.5",
      "resolved": "https://registry.npmjs.org/es6-promise/-/es6-promise-4.2.5.tgz",
      "integrity": "sha512-n6wvpdE43VFtJq+lUDYDBFUwV8TZbuGXLV4D6wKafg13ldznKsyEvatubnmUe31zcvelSzOHF+XbaT+Bl9ObDg=="
    },
    "jquery": {
      "version": "2.2.4",
      "resolved": "https://registry.npmjs.org/jquery/-/jquery-2.2.4.tgz",
      "integrity": "sha1-LInWiJterFIqfuoywUUhVZxsvwI="
    },
    "lodash": {
      "version": "4.17.21",
      "resolved": "https://registry.npmjs.org/lodash/-/lodash-4.17.21.tgz",
      "integrity": "sha512-v2kDEe57lecTulaDIuNTPy3Ry4gLGJ6Z1O3vE1krgXZNrsQ+LFTGHVxVjcXPs17LhbZVGedAJv8XZ1tvj5FvSg=="
    },
    "matches-where-query": {
      "version": "1.1.5",
      "resolved": "https://registry.npmjs.org/matches-where-query/-/matches-where-query-1.1.5.tgz",
      "integrity": "sha512-DUJSAzVhWBKHGPLXa40Vs7vPkbK4EDQ33DgHejZmTKGkFKyPtQr2EoqpcKrhIBk0VlZEMgafgi8Ep10e/jZJ5w==",
      "requires": {
        "underscore": "^1.9.1"
      }
    },
    "node-uuid": {
      "version": "1.4.8",
      "resolved": "https://registry.npmjs.org/node-uuid/-/node-uuid-1.4.8.tgz",
      "integrity": "sha1-sEDrCSOWivq/jTL7HxfxFn/auQc="
    },
    "steamer": {
      "version": "1.3.0",
      "resolved": "https://registry.npmjs.org/steamer/-/steamer-1.3.0.tgz",
      "integrity": "sha1-+jZhW0VAusxApdHiq1CiYLZsSew=",
      "requires": {
        "async": "*",
        "underscore": "~1.6.0"
      },
      "dependencies": {
        "underscore": {
          "version": "1.6.0",
          "resolved": "https://registry.npmjs.org/underscore/-/underscore-1.6.0.tgz",
          "integrity": "sha1-izixDKze9jM3uLJOT/htRa6lKag="
        }
      }
    },
    "underscore": {
      "version": "1.9.1",
      "resolved": "https://registry.npmjs.org/underscore/-/underscore-1.9.1.tgz",
      "integrity": "sha512-5/4etnCkd9c8gwgowi5/om/mYO5ajCaOgdzj/oW+0eQV9WxKBDZw5+ycmKmeaTXjInS/W0BzpGLo2xR2aBwZdg=="
    }
  }
}
